// !$*UTF8*$!
{
	archiveVersion = 1;
	classes = {
	};
	objectVersion = 55;
	objects = {

/* Begin PBXBuildFile section */
		2303890427A5A51C004DC980 /* MovieDetailsViewModel.swift in Sources */ = {isa = PBXBuildFile; fileRef = 2303890327A5A51C004DC980 /* MovieDetailsViewModel.swift */; };
		2303890827A5A598004DC980 /* Movie.swift in Sources */ = {isa = PBXBuildFile; fileRef = 2303890727A5A598004DC980 /* Movie.swift */; };
		2303890B27A5A5E6004DC980 /* MovieAPI.swift in Sources */ = {isa = PBXBuildFile; fileRef = 2303890A27A5A5E6004DC980 /* MovieAPI.swift */; };
		2303891327A5D729004DC980 /* String+LoadUIImage.swift in Sources */ = {isa = PBXBuildFile; fileRef = 2303891227A5D729004DC980 /* String+LoadUIImage.swift */; };
		2303891727A5E514004DC980 /* HeaderImageView.swift in Sources */ = {isa = PBXBuildFile; fileRef = 2303891627A5E514004DC980 /* HeaderImageView.swift */; };
		2303891A27A5EB5F004DC980 /* MovieInfoView.swift in Sources */ = {isa = PBXBuildFile; fileRef = 2303891927A5EB5F004DC980 /* MovieInfoView.swift */; };
		2303891D27A6FB2A004DC980 /* GradientView.swift in Sources */ = {isa = PBXBuildFile; fileRef = 2303891C27A6FB2A004DC980 /* GradientView.swift */; };
		2303891F27A6FC0C004DC980 /* ListRowView.swift in Sources */ = {isa = PBXBuildFile; fileRef = 2303891E27A6FC0C004DC980 /* ListRowView.swift */; };
		2303892227A70D6C004DC980 /* Alamofire in Frameworks */ = {isa = PBXBuildFile; productRef = 2303892127A70D6C004DC980 /* Alamofire */; };
		2303892627A7161A004DC980 /* MovieAPIError.swift in Sources */ = {isa = PBXBuildFile; fileRef = 2303892527A7161A004DC980 /* MovieAPIError.swift */; };
		2303892827A71711004DC980 /* Genre.swift in Sources */ = {isa = PBXBuildFile; fileRef = 2303892727A71711004DC980 /* Genre.swift */; };
		2303892A27A72306004DC980 /* SimilarMoviesList.swift in Sources */ = {isa = PBXBuildFile; fileRef = 2303892927A72306004DC980 /* SimilarMoviesList.swift */; };
		2358615427A5909B008985D9 /* DesafioMobile2YouApp.swift in Sources */ = {isa = PBXBuildFile; fileRef = 2358615327A5909B008985D9 /* DesafioMobile2YouApp.swift */; };
		2358615627A5909B008985D9 /* MovieDetailsView.swift in Sources */ = {isa = PBXBuildFile; fileRef = 2358615527A5909B008985D9 /* MovieDetailsView.swift */; };
		2358615827A5909D008985D9 /* Assets.xcassets in Resources */ = {isa = PBXBuildFile; fileRef = 2358615727A5909D008985D9 /* Assets.xcassets */; };
		2358615B27A5909D008985D9 /* Preview Assets.xcassets in Resources */ = {isa = PBXBuildFile; fileRef = 2358615A27A5909D008985D9 /* Preview Assets.xcassets */; };
		2358616527A5909D008985D9 /* DesafioMobile2YouTests.swift in Sources */ = {isa = PBXBuildFile; fileRef = 2358616427A5909D008985D9 /* DesafioMobile2YouTests.swift */; };
/* End PBXBuildFile section */

/* Begin PBXContainerItemProxy section */
		2358616127A5909D008985D9 /* PBXContainerItemProxy */ = {
			isa = PBXContainerItemProxy;
			containerPortal = 2358614827A5909B008985D9 /* Project object */;
			proxyType = 1;
			remoteGlobalIDString = 2358614F27A5909B008985D9;
			remoteInfo = DesafioMobile2You;
		};
		2358616B27A5909D008985D9 /* PBXContainerItemProxy */ = {
			isa = PBXContainerItemProxy;
			containerPortal = 2358614827A5909B008985D9 /* Project object */;
			proxyType = 1;
			remoteGlobalIDString = 2358614F27A5909B008985D9;
			remoteInfo = DesafioMobile2You;
		};
/* End PBXContainerItemProxy section */

/* Begin PBXFileReference section */
		2303890327A5A51C004DC980 /* MovieDetailsViewModel.swift */ = {isa = PBXFileReference; lastKnownFileType = sourcecode.swift; path = MovieDetailsViewModel.swift; sourceTree = "<group>"; };
		2303890727A5A598004DC980 /* Movie.swift */ = {isa = PBXFileReference; lastKnownFileType = sourcecode.swift; path = Movie.swift; sourceTree = "<group>"; };
		2303890A27A5A5E6004DC980 /* MovieAPI.swift */ = {isa = PBXFileReference; lastKnownFileType = sourcecode.swift; path = MovieAPI.swift; sourceTree = "<group>"; };
		2303891227A5D729004DC980 /* String+LoadUIImage.swift */ = {isa = PBXFileReference; lastKnownFileType = sourcecode.swift; path = "String+LoadUIImage.swift"; sourceTree = "<group>"; };
		2303891627A5E514004DC980 /* HeaderImageView.swift */ = {isa = PBXFileReference; lastKnownFileType = sourcecode.swift; path = HeaderImageView.swift; sourceTree = "<group>"; };
		2303891927A5EB5F004DC980 /* MovieInfoView.swift */ = {isa = PBXFileReference; lastKnownFileType = sourcecode.swift; path = MovieInfoView.swift; sourceTree = "<group>"; };
		2303891C27A6FB2A004DC980 /* GradientView.swift */ = {isa = PBXFileReference; lastKnownFileType = sourcecode.swift; path = GradientView.swift; sourceTree = "<group>"; };
		2303891E27A6FC0C004DC980 /* ListRowView.swift */ = {isa = PBXFileReference; lastKnownFileType = sourcecode.swift; path = ListRowView.swift; sourceTree = "<group>"; };
		2303892527A7161A004DC980 /* MovieAPIError.swift */ = {isa = PBXFileReference; lastKnownFileType = sourcecode.swift; path = MovieAPIError.swift; sourceTree = "<group>"; };
		2303892727A71711004DC980 /* Genre.swift */ = {isa = PBXFileReference; lastKnownFileType = sourcecode.swift; path = Genre.swift; sourceTree = "<group>"; };
		2303892927A72306004DC980 /* SimilarMoviesList.swift */ = {isa = PBXFileReference; lastKnownFileType = sourcecode.swift; path = SimilarMoviesList.swift; sourceTree = "<group>"; };
		2358615027A5909B008985D9 /* DesafioMobile2You.app */ = {isa = PBXFileReference; explicitFileType = wrapper.application; includeInIndex = 0; path = DesafioMobile2You.app; sourceTree = BUILT_PRODUCTS_DIR; };
		2358615327A5909B008985D9 /* DesafioMobile2YouApp.swift */ = {isa = PBXFileReference; lastKnownFileType = sourcecode.swift; path = DesafioMobile2YouApp.swift; sourceTree = "<group>"; };
		2358615527A5909B008985D9 /* MovieDetailsView.swift */ = {isa = PBXFileReference; lastKnownFileType = sourcecode.swift; path = MovieDetailsView.swift; sourceTree = "<group>"; };
		2358615727A5909D008985D9 /* Assets.xcassets */ = {isa = PBXFileReference; lastKnownFileType = folder.assetcatalog; path = Assets.xcassets; sourceTree = "<group>"; };
		2358615A27A5909D008985D9 /* Preview Assets.xcassets */ = {isa = PBXFileReference; lastKnownFileType = folder.assetcatalog; path = "Preview Assets.xcassets"; sourceTree = "<group>"; };
		2358616027A5909D008985D9 /* DesafioMobile2YouTests.xctest */ = {isa = PBXFileReference; explicitFileType = wrapper.cfbundle; includeInIndex = 0; path = DesafioMobile2YouTests.xctest; sourceTree = BUILT_PRODUCTS_DIR; };
		2358616427A5909D008985D9 /* DesafioMobile2YouTests.swift */ = {isa = PBXFileReference; lastKnownFileType = sourcecode.swift; path = DesafioMobile2YouTests.swift; sourceTree = "<group>"; };
		2358616A27A5909D008985D9 /* DesafioMobile2YouUITests.xctest */ = {isa = PBXFileReference; explicitFileType = wrapper.cfbundle; includeInIndex = 0; path = DesafioMobile2YouUITests.xctest; sourceTree = BUILT_PRODUCTS_DIR; };
		2358617D27A59112008985D9 /* Info.plist */ = {isa = PBXFileReference; lastKnownFileType = text.plist; path = Info.plist; sourceTree = "<group>"; };
/* End PBXFileReference section */

/* Begin PBXFrameworksBuildPhase section */
		2358614D27A5909B008985D9 /* Frameworks */ = {
			isa = PBXFrameworksBuildPhase;
			buildActionMask = 2147483647;
			files = (
				2303892227A70D6C004DC980 /* Alamofire in Frameworks */,
			);
			runOnlyForDeploymentPostprocessing = 0;
		};
		2358615D27A5909D008985D9 /* Frameworks */ = {
			isa = PBXFrameworksBuildPhase;
			buildActionMask = 2147483647;
			files = (
			);
			runOnlyForDeploymentPostprocessing = 0;
		};
		2358616727A5909D008985D9 /* Frameworks */ = {
			isa = PBXFrameworksBuildPhase;
			buildActionMask = 2147483647;
			files = (
			);
			runOnlyForDeploymentPostprocessing = 0;
		};
/* End PBXFrameworksBuildPhase section */

/* Begin PBXGroup section */
		230388FF27A59CD3004DC980 /* Application */ = {
			isa = PBXGroup;
			children = (
				2358615327A5909B008985D9 /* DesafioMobile2YouApp.swift */,
			);
			path = Application;
			sourceTree = "<group>";
		};
		2303890027A59D0C004DC980 /* View */ = {
			isa = PBXGroup;
			children = (
				2303891B27A6C4B9004DC980 /* MovieDetails */,
				2303891827A5EB36004DC980 /* Shared */,
			);
			path = View;
			sourceTree = "<group>";
		};
		2303890227A5A4E6004DC980 /* ViewModel */ = {
			isa = PBXGroup;
			children = (
				2303890327A5A51C004DC980 /* MovieDetailsViewModel.swift */,
			);
			path = ViewModel;
			sourceTree = "<group>";
		};
		2303890627A5A58B004DC980 /* Model */ = {
			isa = PBXGroup;
			children = (
				2303890727A5A598004DC980 /* Movie.swift */,
				2303892727A71711004DC980 /* Genre.swift */,
				2303892927A72306004DC980 /* SimilarMoviesList.swift */,
			);
			path = Model;
			sourceTree = "<group>";
		};
		2303890927A5A5B6004DC980 /* Network */ = {
			isa = PBXGroup;
			children = (
				2303890A27A5A5E6004DC980 /* MovieAPI.swift */,
			);
			path = Network;
			sourceTree = "<group>";
		};
		2303890F27A5D0F0004DC980 /* Extensions */ = {
			isa = PBXGroup;
			children = (
				2303891227A5D729004DC980 /* String+LoadUIImage.swift */,
			);
			path = Extensions;
			sourceTree = "<group>";
		};
		2303891827A5EB36004DC980 /* Shared */ = {
			isa = PBXGroup;
			children = (
				2303891627A5E514004DC980 /* HeaderImageView.swift */,
				2303891927A5EB5F004DC980 /* MovieInfoView.swift */,
				2303891C27A6FB2A004DC980 /* GradientView.swift */,
				2303891E27A6FC0C004DC980 /* ListRowView.swift */,
			);
			path = Shared;
			sourceTree = "<group>";
		};
		2303891B27A6C4B9004DC980 /* MovieDetails */ = {
			isa = PBXGroup;
			children = (
				2358615527A5909B008985D9 /* MovieDetailsView.swift */,
			);
			path = MovieDetails;
			sourceTree = "<group>";
		};
		2303892327A715FE004DC980 /* Utils */ = {
			isa = PBXGroup;
			children = (
				2303890F27A5D0F0004DC980 /* Extensions */,
				2303892427A7160A004DC980 /* Enums */,
			);
			path = Utils;
			sourceTree = "<group>";
		};
		2303892427A7160A004DC980 /* Enums */ = {
			isa = PBXGroup;
			children = (
				2303892527A7161A004DC980 /* MovieAPIError.swift */,
			);
			path = Enums;
			sourceTree = "<group>";
		};
		2358614727A5909B008985D9 = {
			isa = PBXGroup;
			children = (
				2358615227A5909B008985D9 /* DesafioMobile2You */,
				2358616327A5909D008985D9 /* DesafioMobile2YouTests */,
				2358615127A5909B008985D9 /* Products */,
			);
			sourceTree = "<group>";
		};
		2358615127A5909B008985D9 /* Products */ = {
			isa = PBXGroup;
			children = (
				2358615027A5909B008985D9 /* DesafioMobile2You.app */,
				2358616027A5909D008985D9 /* DesafioMobile2YouTests.xctest */,
				2358616A27A5909D008985D9 /* DesafioMobile2YouUITests.xctest */,
			);
			name = Products;
			sourceTree = "<group>";
		};
		2358615227A5909B008985D9 /* DesafioMobile2You */ = {
			isa = PBXGroup;
			children = (
				2303892327A715FE004DC980 /* Utils */,
				2303890927A5A5B6004DC980 /* Network */,
				2303890627A5A58B004DC980 /* Model */,
				2303890227A5A4E6004DC980 /* ViewModel */,
				2303890027A59D0C004DC980 /* View */,
				230388FF27A59CD3004DC980 /* Application */,
				2358617D27A59112008985D9 /* Info.plist */,
				2358615727A5909D008985D9 /* Assets.xcassets */,
				2358615927A5909D008985D9 /* Preview Content */,
			);
			path = DesafioMobile2You;
			sourceTree = "<group>";
		};
		2358615927A5909D008985D9 /* Preview Content */ = {
			isa = PBXGroup;
			children = (
				2358615A27A5909D008985D9 /* Preview Assets.xcassets */,
			);
			path = "Preview Content";
			sourceTree = "<group>";
		};
		2358616327A5909D008985D9 /* DesafioMobile2YouTests */ = {
			isa = PBXGroup;
			children = (
				2358616427A5909D008985D9 /* DesafioMobile2YouTests.swift */,
			);
			path = DesafioMobile2YouTests;
			sourceTree = "<group>";
		};
/* End PBXGroup section */

/* Begin PBXNativeTarget section */
		2358614F27A5909B008985D9 /* DesafioMobile2You */ = {
			isa = PBXNativeTarget;
			buildConfigurationList = 2358617427A5909D008985D9 /* Build configuration list for PBXNativeTarget "DesafioMobile2You" */;
			buildPhases = (
				2358614C27A5909B008985D9 /* Sources */,
				2358614D27A5909B008985D9 /* Frameworks */,
				2358614E27A5909B008985D9 /* Resources */,
			);
			buildRules = (
			);
			dependencies = (
			);
			name = DesafioMobile2You;
			packageProductDependencies = (
				2303892127A70D6C004DC980 /* Alamofire */,
			);
			productName = DesafioMobile2You;
			productReference = 2358615027A5909B008985D9 /* DesafioMobile2You.app */;
			productType = "com.apple.product-type.application";
		};
		2358615F27A5909D008985D9 /* DesafioMobile2YouTests */ = {
			isa = PBXNativeTarget;
			buildConfigurationList = 2358617727A5909D008985D9 /* Build configuration list for PBXNativeTarget "DesafioMobile2YouTests" */;
			buildPhases = (
				2358615C27A5909D008985D9 /* Sources */,
				2358615D27A5909D008985D9 /* Frameworks */,
				2358615E27A5909D008985D9 /* Resources */,
			);
			buildRules = (
			);
			dependencies = (
				2358616227A5909D008985D9 /* PBXTargetDependency */,
			);
			name = DesafioMobile2YouTests;
			productName = DesafioMobile2YouTests;
			productReference = 2358616027A5909D008985D9 /* DesafioMobile2YouTests.xctest */;
			productType = "com.apple.product-type.bundle.unit-test";
		};
		2358616927A5909D008985D9 /* DesafioMobile2YouUITests */ = {
			isa = PBXNativeTarget;
			buildConfigurationList = 2358617A27A5909D008985D9 /* Build configuration list for PBXNativeTarget "DesafioMobile2YouUITests" */;
			buildPhases = (
				2358616627A5909D008985D9 /* Sources */,
				2358616727A5909D008985D9 /* Frameworks */,
				2358616827A5909D008985D9 /* Resources */,
			);
			buildRules = (
			);
			dependencies = (
				2358616C27A5909D008985D9 /* PBXTargetDependency */,
			);
			name = DesafioMobile2YouUITests;
			productName = DesafioMobile2YouUITests;
			productReference = 2358616A27A5909D008985D9 /* DesafioMobile2YouUITests.xctest */;
			productType = "com.apple.product-type.bundle.ui-testing";
		};
/* End PBXNativeTarget section */

/* Begin PBXProject section */
		2358614827A5909B008985D9 /* Project object */ = {
			isa = PBXProject;
			attributes = {
				BuildIndependentTargetsInParallel = 1;
				LastSwiftUpdateCheck = 1320;
				LastUpgradeCheck = 1320;
				TargetAttributes = {
					2358614F27A5909B008985D9 = {
						CreatedOnToolsVersion = 13.2.1;
					};
					2358615F27A5909D008985D9 = {
						CreatedOnToolsVersion = 13.2.1;
						TestTargetID = 2358614F27A5909B008985D9;
					};
					2358616927A5909D008985D9 = {
						CreatedOnToolsVersion = 13.2.1;
						TestTargetID = 2358614F27A5909B008985D9;
					};
				};
			};
			buildConfigurationList = 2358614B27A5909B008985D9 /* Build configuration list for PBXProject "DesafioMobile2You" */;
			compatibilityVersion = "Xcode 13.0";
			developmentRegion = en;
			hasScannedForEncodings = 0;
			knownRegions = (
				en,
				Base,
			);
			mainGroup = 2358614727A5909B008985D9;
			packageReferences = (
				2303892027A70D6C004DC980 /* XCRemoteSwiftPackageReference "Alamofire" */,
			);
			productRefGroup = 2358615127A5909B008985D9 /* Products */;
			projectDirPath = "";
			projectRoot = "";
			targets = (
				2358614F27A5909B008985D9 /* DesafioMobile2You */,
				2358615F27A5909D008985D9 /* DesafioMobile2YouTests */,
				2358616927A5909D008985D9 /* DesafioMobile2YouUITests */,
			);
		};
/* End PBXProject section */

/* Begin PBXResourcesBuildPhase section */
		2358614E27A5909B008985D9 /* Resources */ = {
			isa = PBXResourcesBuildPhase;
			buildActionMask = 2147483647;
			files = (
				2358615B27A5909D008985D9 /* Preview Assets.xcassets in Resources */,
				2358615827A5909D008985D9 /* Assets.xcassets in Resources */,
			);
			runOnlyForDeploymentPostprocessing = 0;
		};
		2358615E27A5909D008985D9 /* Resources */ = {
			isa = PBXResourcesBuildPhase;
			buildActionMask = 2147483647;
			files = (
			);
			runOnlyForDeploymentPostprocessing = 0;
		};
		2358616827A5909D008985D9 /* Resources */ = {
			isa = PBXResourcesBuildPhase;
			buildActionMask = 2147483647;
			files = (
			);
			runOnlyForDeploymentPostprocessing = 0;
		};
/* End PBXResourcesBuildPhase section */

/* Begin PBXSourcesBuildPhase section */
		2358614C27A5909B008985D9 /* Sources */ = {
			isa = PBXSourcesBuildPhase;
			buildActionMask = 2147483647;
			files = (
				2358615627A5909B008985D9 /* MovieDetailsView.swift in Sources */,
				2358615427A5909B008985D9 /* DesafioMobile2YouApp.swift in Sources */,
				2303892A27A72306004DC980 /* SimilarMoviesList.swift in Sources */,
				2303890827A5A598004DC980 /* Movie.swift in Sources */,
				2303892827A71711004DC980 /* Genre.swift in Sources */,
				2303891727A5E514004DC980 /* HeaderImageView.swift in Sources */,
				2303892627A7161A004DC980 /* MovieAPIError.swift in Sources */,
				2303891F27A6FC0C004DC980 /* ListRowView.swift in Sources */,
				2303890427A5A51C004DC980 /* MovieDetailsViewModel.swift in Sources */,
				2303891A27A5EB5F004DC980 /* MovieInfoView.swift in Sources */,
				2303891327A5D729004DC980 /* String+LoadUIImage.swift in Sources */,
				2303890B27A5A5E6004DC980 /* MovieAPI.swift in Sources */,
				2303891D27A6FB2A004DC980 /* GradientView.swift in Sources */,
			);
			runOnlyForDeploymentPostprocessing = 0;
		};
		2358615C27A5909D008985D9 /* Sources */ = {
			isa = PBXSourcesBuildPhase;
			buildActionMask = 2147483647;
			files = (
				2358616527A5909D008985D9 /* DesafioMobile2YouTests.swift in Sources */,
			);
			runOnlyForDeploymentPostprocessing = 0;
		};
		2358616627A5909D008985D9 /* Sources */ = {
			isa = PBXSourcesBuildPhase;
			buildActionMask = 2147483647;
			files = (
			);
			runOnlyForDeploymentPostprocessing = 0;
		};
/* End PBXSourcesBuildPhase section */

/* Begin PBXTargetDependency section */
		2358616227A5909D008985D9 /* PBXTargetDependency */ = {
			isa = PBXTargetDependency;
			target = 2358614F27A5909B008985D9 /* DesafioMobile2You */;
			targetProxy = 2358616127A5909D008985D9 /* PBXContainerItemProxy */;
		};
		2358616C27A5909D008985D9 /* PBXTargetDependency */ = {
			isa = PBXTargetDependency;
			target = 2358614F27A5909B008985D9 /* DesafioMobile2You */;
			targetProxy = 2358616B27A5909D008985D9 /* PBXContainerItemProxy */;
		};
/* End PBXTargetDependency section */

/* Begin XCBuildConfiguration section */
		2358617227A5909D008985D9 /* Debug */ = {
			isa = XCBuildConfiguration;
			buildSettings = {
				ALWAYS_SEARCH_USER_PATHS = NO;
				CLANG_ANALYZER_NONNULL = YES;
				CLANG_ANALYZER_NUMBER_OBJECT_CONVERSION = YES_AGGRESSIVE;
				CLANG_CXX_LANGUAGE_STANDARD = "gnu++17";
				CLANG_CXX_LIBRARY = "libc++";
				CLANG_ENABLE_MODULES = YES;
				CLANG_ENABLE_OBJC_ARC = YES;
				CLANG_ENABLE_OBJC_WEAK = YES;
				CLANG_WARN_BLOCK_CAPTURE_AUTORELEASING = YES;
				CLANG_WARN_BOOL_CONVERSION = YES;
				CLANG_WARN_COMMA = YES;
				CLANG_WARN_CONSTANT_CONVERSION = YES;
				CLANG_WARN_DEPRECATED_OBJC_IMPLEMENTATIONS = YES;
				CLANG_WARN_DIRECT_OBJC_ISA_USAGE = YES_ERROR;
				CLANG_WARN_DOCUMENTATION_COMMENTS = YES;
				CLANG_WARN_EMPTY_BODY = YES;
				CLANG_WARN_ENUM_CONVERSION = YES;
				CLANG_WARN_INFINITE_RECURSION = YES;
				CLANG_WARN_INT_CONVERSION = YES;
				CLANG_WARN_NON_LITERAL_NULL_CONVERSION = YES;
				CLANG_WARN_OBJC_IMPLICIT_RETAIN_SELF = YES;
				CLANG_WARN_OBJC_LITERAL_CONVERSION = YES;
				CLANG_WARN_OBJC_ROOT_CLASS = YES_ERROR;
				CLANG_WARN_QUOTED_INCLUDE_IN_FRAMEWORK_HEADER = YES;
				CLANG_WARN_RANGE_LOOP_ANALYSIS = YES;
				CLANG_WARN_STRICT_PROTOTYPES = YES;
				CLANG_WARN_SUSPICIOUS_MOVE = YES;
				CLANG_WARN_UNGUARDED_AVAILABILITY = YES_AGGRESSIVE;
				CLANG_WARN_UNREACHABLE_CODE = YES;
				CLANG_WARN__DUPLICATE_METHOD_MATCH = YES;
				COPY_PHASE_STRIP = NO;
				DEBUG_INFORMATION_FORMAT = dwarf;
				ENABLE_STRICT_OBJC_MSGSEND = YES;
				ENABLE_TESTABILITY = YES;
				GCC_C_LANGUAGE_STANDARD = gnu11;
				GCC_DYNAMIC_NO_PIC = NO;
				GCC_NO_COMMON_BLOCKS = YES;
				GCC_OPTIMIZATION_LEVEL = 0;
				GCC_PREPROCESSOR_DEFINITIONS = (
					"DEBUG=1",
					"$(inherited)",
				);
				GCC_WARN_64_TO_32_BIT_CONVERSION = YES;
				GCC_WARN_ABOUT_RETURN_TYPE = YES_ERROR;
				GCC_WARN_UNDECLARED_SELECTOR = YES;
				GCC_WARN_UNINITIALIZED_AUTOS = YES_AGGRESSIVE;
				GCC_WARN_UNUSED_FUNCTION = YES;
				GCC_WARN_UNUSED_VARIABLE = YES;
				IPHONEOS_DEPLOYMENT_TARGET = 15.2;
				MTL_ENABLE_DEBUG_INFO = INCLUDE_SOURCE;
				MTL_FAST_MATH = YES;
				ONLY_ACTIVE_ARCH = YES;
				SDKROOT = iphoneos;
				SWIFT_ACTIVE_COMPILATION_CONDITIONS = DEBUG;
				SWIFT_OPTIMIZATION_LEVEL = "-Onone";
			};
			name = Debug;
		};
		2358617327A5909D008985D9 /* Release */ = {
			isa = XCBuildConfiguration;
			buildSettings = {
				ALWAYS_SEARCH_USER_PATHS = NO;
				CLANG_ANALYZER_NONNULL = YES;
				CLANG_ANALYZER_NUMBER_OBJECT_CONVERSION = YES_AGGRESSIVE;
				CLANG_CXX_LANGUAGE_STANDARD = "gnu++17";
				CLANG_CXX_LIBRARY = "libc++";
				CLANG_ENABLE_MODULES = YES;
				CLANG_ENABLE_OBJC_ARC = YES;
				CLANG_ENABLE_OBJC_WEAK = YES;
				CLANG_WARN_BLOCK_CAPTURE_AUTORELEASING = YES;
				CLANG_WARN_BOOL_CONVERSION = YES;
				CLANG_WARN_COMMA = YES;
				CLANG_WARN_CONSTANT_CONVERSION = YES;
				CLANG_WARN_DEPRECATED_OBJC_IMPLEMENTATIONS = YES;
				CLANG_WARN_DIRECT_OBJC_ISA_USAGE = YES_ERROR;
				CLANG_WARN_DOCUMENTATION_COMMENTS = YES;
				CLANG_WARN_EMPTY_BODY = YES;
				CLANG_WARN_ENUM_CONVERSION = YES;
				CLANG_WARN_INFINITE_RECURSION = YES;
				CLANG_WARN_INT_CONVERSION = YES;
				CLANG_WARN_NON_LITERAL_NULL_CONVERSION = YES;
				CLANG_WARN_OBJC_IMPLICIT_RETAIN_SELF = YES;
				CLANG_WARN_OBJC_LITERAL_CONVERSION = YES;
				CLANG_WARN_OBJC_ROOT_CLASS = YES_ERROR;
				CLANG_WARN_QUOTED_INCLUDE_IN_FRAMEWORK_HEADER = YES;
				CLANG_WARN_RANGE_LOOP_ANALYSIS = YES;
				CLANG_WARN_STRICT_PROTOTYPES = YES;
				CLANG_WARN_SUSPICIOUS_MOVE = YES;
				CLANG_WARN_UNGUARDED_AVAILABILITY = YES_AGGRESSIVE;
				CLANG_WARN_UNREACHABLE_CODE = YES;
				CLANG_WARN__DUPLICATE_METHOD_MATCH = YES;
				COPY_PHASE_STRIP = NO;
				DEBUG_INFORMATION_FORMAT = "dwarf-with-dsym";
				ENABLE_NS_ASSERTIONS = NO;
				ENABLE_STRICT_OBJC_MSGSEND = YES;
				GCC_C_LANGUAGE_STANDARD = gnu11;
				GCC_NO_COMMON_BLOCKS = YES;
				GCC_WARN_64_TO_32_BIT_CONVERSION = YES;
				GCC_WARN_ABOUT_RETURN_TYPE = YES_ERROR;
				GCC_WARN_UNDECLARED_SELECTOR = YES;
				GCC_WARN_UNINITIALIZED_AUTOS = YES_AGGRESSIVE;
				GCC_WARN_UNUSED_FUNCTION = YES;
				GCC_WARN_UNUSED_VARIABLE = YES;
				IPHONEOS_DEPLOYMENT_TARGET = 15.2;
				MTL_ENABLE_DEBUG_INFO = NO;
				MTL_FAST_MATH = YES;
				SDKROOT = iphoneos;
				SWIFT_COMPILATION_MODE = wholemodule;
				SWIFT_OPTIMIZATION_LEVEL = "-O";
				VALIDATE_PRODUCT = YES;
			};
			name = Release;
		};
		2358617527A5909D008985D9 /* Debug */ = {
			isa = XCBuildConfiguration;
			buildSettings = {
				ASSETCATALOG_COMPILER_APPICON_NAME = AppIcon;
				ASSETCATALOG_COMPILER_GLOBAL_ACCENT_COLOR_NAME = AccentColor;
				CODE_SIGN_STYLE = Automatic;
				CURRENT_PROJECT_VERSION = 1;
				DEVELOPMENT_ASSET_PATHS = "\"DesafioMobile2You/Preview Content\"";
				DEVELOPMENT_TEAM = 272983AP33;
				ENABLE_PREVIEWS = YES;
				GENERATE_INFOPLIST_FILE = YES;
				INFOPLIST_FILE = DesafioMobile2You/Info.plist;
				INFOPLIST_KEY_UIApplicationSupportsIndirectInputEvents = YES;
				INFOPLIST_KEY_UILaunchScreen_Generation = YES;
				INFOPLIST_KEY_UISupportedInterfaceOrientations_iPad = "UIInterfaceOrientationPortrait UIInterfaceOrientationPortraitUpsideDown UIInterfaceOrientationLandscapeLeft UIInterfaceOrientationLandscapeRight";
				INFOPLIST_KEY_UISupportedInterfaceOrientations_iPhone = "UIInterfaceOrientationPortrait UIInterfaceOrientationLandscapeLeft UIInterfaceOrientationLandscapeRight";
				LD_RUNPATH_SEARCH_PATHS = (
					"$(inherited)",
					"@executable_path/Frameworks",
				);
				MARKETING_VERSION = 1.0;
				PRODUCT_BUNDLE_IDENTIFIER = com.igorsilva.DesafioMobile2You;
				PRODUCT_NAME = "$(TARGET_NAME)";
				SWIFT_EMIT_LOC_STRINGS = YES;
				SWIFT_VERSION = 5.0;
				TARGETED_DEVICE_FAMILY = "1,2";
			};
			name = Debug;
		};
		2358617627A5909D008985D9 /* Release */ = {
			isa = XCBuildConfiguration;
			buildSettings = {
				ASSETCATALOG_COMPILER_APPICON_NAME = AppIcon;
				ASSETCATALOG_COMPILER_GLOBAL_ACCENT_COLOR_NAME = AccentColor;
				CODE_SIGN_STYLE = Automatic;
				CURRENT_PROJECT_VERSION = 1;
				DEVELOPMENT_ASSET_PATHS = "\"DesafioMobile2You/Preview Content\"";
				DEVELOPMENT_TEAM = 272983AP33;
				ENABLE_PREVIEWS = YES;
				GENERATE_INFOPLIST_FILE = YES;
				INFOPLIST_FILE = DesafioMobile2You/Info.plist;
				INFOPLIST_KEY_UIApplicationSupportsIndirectInputEvents = YES;
				INFOPLIST_KEY_UILaunchScreen_Generation = YES;
				INFOPLIST_KEY_UISupportedInterfaceOrientations_iPad = "UIInterfaceOrientationPortrait UIInterfaceOrientationPortraitUpsideDown UIInterfaceOrientationLandscapeLeft UIInterfaceOrientationLandscapeRight";
				INFOPLIST_KEY_UISupportedInterfaceOrientations_iPhone = "UIInterfaceOrientationPortrait UIInterfaceOrientationLandscapeLeft UIInterfaceOrientationLandscapeRight";
				LD_RUNPATH_SEARCH_PATHS = (
					"$(inherited)",
					"@executable_path/Frameworks",
				);
				MARKETING_VERSION = 1.0;
				PRODUCT_BUNDLE_IDENTIFIER = com.igorsilva.DesafioMobile2You;
				PRODUCT_NAME = "$(TARGET_NAME)";
				SWIFT_EMIT_LOC_STRINGS = YES;
				SWIFT_VERSION = 5.0;
				TARGETED_DEVICE_FAMILY = "1,2";
			};
			name = Release;
		};
		2358617827A5909D008985D9 /* Debug */ = {
			isa = XCBuildConfiguration;
			buildSettings = {
				ALWAYS_EMBED_SWIFT_STANDARD_LIBRARIES = YES;
				BUNDLE_LOADER = "$(TEST_HOST)";
				CODE_SIGN_STYLE = Automatic;
				CURRENT_PROJECT_VERSION = 1;
				DEVELOPMENT_TEAM = 272983AP33;
				GENERATE_INFOPLIST_FILE = YES;
				IPHONEOS_DEPLOYMENT_TARGET = 15.2;
				MARKETING_VERSION = 1.0;
				PRODUCT_BUNDLE_IDENTIFIER = desafiomobile2you.com.igorsilva.DesafioMobile2YouTests;
				PRODUCT_NAME = "$(TARGET_NAME)";
				SWIFT_EMIT_LOC_STRINGS = NO;
				SWIFT_VERSION = 5.0;
				TARGETED_DEVICE_FAMILY = "1,2";
				TEST_HOST = "$(BUILT_PRODUCTS_DIR)/DesafioMobile2You.app/DesafioMobile2You";
			};
			name = Debug;
		};
		2358617927A5909D008985D9 /* Release */ = {
			isa = XCBuildConfiguration;
			buildSettings = {
				ALWAYS_EMBED_SWIFT_STANDARD_LIBRARIES = YES;
				BUNDLE_LOADER = "$(TEST_HOST)";
				CODE_SIGN_STYLE = Automatic;
				CURRENT_PROJECT_VERSION = 1;
				DEVELOPMENT_TEAM = 272983AP33;
				GENERATE_INFOPLIST_FILE = YES;
				IPHONEOS_DEPLOYMENT_TARGET = 15.2;
				MARKETING_VERSION = 1.0;
				PRODUCT_BUNDLE_IDENTIFIER = desafiomobile2you.com.igorsilva.DesafioMobile2YouTests;
				PRODUCT_NAME = "$(TARGET_NAME)";
				SWIFT_EMIT_LOC_STRINGS = NO;
				SWIFT_VERSION = 5.0;
				TARGETED_DEVICE_FAMILY = "1,2";
				TEST_HOST = "$(BUILT_PRODUCTS_DIR)/DesafioMobile2You.app/DesafioMobile2You";
			};
			name = Release;
		};
		2358617B27A5909D008985D9 /* Debug */ = {
			isa = XCBuildConfiguration;
			buildSettings = {
				ALWAYS_EMBED_SWIFT_STANDARD_LIBRARIES = YES;
				CODE_SIGN_STYLE = Automatic;
				CURRENT_PROJECT_VERSION = 1;
				DEVELOPMENT_TEAM = 272983AP33;
				GENERATE_INFOPLIST_FILE = YES;
				MARKETING_VERSION = 1.0;
				PRODUCT_BUNDLE_IDENTIFIER = desafiomobile2you.com.igorsilva.DesafioMobile2YouUITests;
				PRODUCT_NAME = "$(TARGET_NAME)";
				SWIFT_EMIT_LOC_STRINGS = NO;
				SWIFT_VERSION = 5.0;
				TARGETED_DEVICE_FAMILY = "1,2";
				TEST_TARGET_NAME = DesafioMobile2You;
			};
			name = Debug;
		};
		2358617C27A5909D008985D9 /* Release */ = {
			isa = XCBuildConfiguration;
			buildSettings = {
				ALWAYS_EMBED_SWIFT_STANDARD_LIBRARIES = YES;
				CODE_SIGN_STYLE = Automatic;
				CURRENT_PROJECT_VERSION = 1;
				DEVELOPMENT_TEAM = 272983AP33;
				GENERATE_INFOPLIST_FILE = YES;
				MARKETING_VERSION = 1.0;
				PRODUCT_BUNDLE_IDENTIFIER = desafiomobile2you.com.igorsilva.DesafioMobile2YouUITests;
				PRODUCT_NAME = "$(TARGET_NAME)";
				SWIFT_EMIT_LOC_STRINGS = NO;
				SWIFT_VERSION = 5.0;
				TARGETED_DEVICE_FAMILY = "1,2";
				TEST_TARGET_NAME = DesafioMobile2You;
			};
			name = Release;
		};
/* End XCBuildConfiguration section */

/* Begin XCConfigurationList section */
		2358614B27A5909B008985D9 /* Build configuration list for PBXProject "DesafioMobile2You" */ = {
			isa = XCConfigurationList;
			buildConfigurations = (
				2358617227A5909D008985D9 /* Debug */,
				2358617327A5909D008985D9 /* Release */,
			);
			defaultConfigurationIsVisible = 0;
			defaultConfigurationName = Release;
		};
		2358617427A5909D008985D9 /* Build configuration list for PBXNativeTarget "DesafioMobile2You" */ = {
			isa = XCConfigurationList;
			buildConfigurations = (
				2358617527A5909D008985D9 /* Debug */,
				2358617627A5909D008985D9 /* Release */,
			);
			defaultConfigurationIsVisible = 0;
			defaultConfigurationName = Release;
		};
		2358617727A5909D008985D9 /* Build configuration list for PBXNativeTarget "DesafioMobile2YouTests" */ = {
			isa = XCConfigurationList;
			buildConfigurations = (
				2358617827A5909D008985D9 /* Debug */,
				2358617927A5909D008985D9 /* Release */,
			);
			defaultConfigurationIsVisible = 0;
			defaultConfigurationName = Release;
		};
		2358617A27A5909D008985D9 /* Build configuration list for PBXNativeTarget "DesafioMobile2YouUITests" */ = {
			isa = XCConfigurationList;
			buildConfigurations = (
				2358617B27A5909D008985D9 /* Debug */,
				2358617C27A5909D008985D9 /* Release */,
			);
			defaultConfigurationIsVisible = 0;
			defaultConfigurationName = Release;
		};
/* End XCConfigurationList section */

/* Begin XCRemoteSwiftPackageReference section */
		2303892027A70D6C004DC980 /* XCRemoteSwiftPackageReference "Alamofire" */ = {
			isa = XCRemoteSwiftPackageReference;
			repositoryURL = "https://github.com/Alamofire/Alamofire";
			requirement = {
				kind = upToNextMajorVersion;
				minimumVersion = 5.0.0;
			};
		};
/* End XCRemoteSwiftPackageReference section */

/* Begin XCSwiftPackageProductDependency section */
		2303892127A70D6C004DC980 /* Alamofire */ = {
			isa = XCSwiftPackageProductDependency;
			package = 2303892027A70D6C004DC980 /* XCRemoteSwiftPackageReference "Alamofire" */;
			productName = Alamofire;
		};
/* End XCSwiftPackageProductDependency section */
	};
	rootObject = 2358614827A5909B008985D9 /* Project object */;
}
